
Microsoft Visual Studio Solution File, Format Version 12.00
# Visual Studio Version 17
VisualStudioVersion = 17.11.35327.3
MinimumVisualStudioVersion = 10.0.40219.1
Project("{9A19103F-16F7-4668-BE54-9A1E7A4F7556}") = "portfolio_backend_Csharp", "portfolio_backend_Csharp.csproj", "{16D0265F-291A-4EE8-8661-3DA6CE69B174}"
EndProject
Global
	GlobalSection(SolutionConfigurationPlatforms) = preSolution
		Debug|Any CPU = Debug|Any CPU
		Release|Any CPU = Release|Any CPU
	EndGlobalSection
	GlobalSection(ProjectConfigurationPlatforms) = postSolution
		{16D0265F-291A-4EE8-8661-3DA6CE69B174}.Debug|Any CPU.ActiveCfg = Debug|Any CPU
		{16D0265F-291A-4EE8-8661-3DA6CE69B174}.Debug|Any CPU.Build.0 = Debug|Any CPU
		{16D0265F-291A-4EE8-8661-3DA6CE69B174}.Release|Any CPU.ActiveCfg = Release|Any CPU
		{16D0265F-291A-4EE8-8661-3DA6CE69B174}.Release|Any CPU.Build.0 = Release|Any CPU
	EndGlobalSection
	GlobalSection(SolutionProperties) = preSolution
		HideSolutionNode = FALSE
	EndGlobalSection
	GlobalSection(ExtensibilityGlobals) = postSolution
		SolutionGuid = {2264B3AC-7C18-4AF5-80FA-710D83DF8A96}
	EndGlobalSection
EndGlobal
